
Microsoft Visual Studio Solution File, Format Version 12.00
# Visual Studio Version 17
VisualStudioVersion = 17.3.32929.385
MinimumVisualStudioVersion = 10.0.40219.1
Project("{FAE04EC0-301F-11D3-BF4B-00C04F79EFBC}") = "Survey", "Survey\Survey.csproj", "{3AE2C53C-CEF5-4AFB-9082-AC9973D04D5D}"
EndProject
Global
	GlobalSection(SolutionConfigurationPlatforms) = preSolution
		Debug|Any CPU = Debug|Any CPU
		Release|Any CPU = Release|Any CPU
	EndGlobalSection
	GlobalSection(ProjectConfigurationPlatforms) = postSolution
		{3AE2C53C-CEF5-4AFB-9082-AC9973D04D5D}.Debug|Any CPU.ActiveCfg = Debug|Any CPU
		{3AE2C53C-CEF5-4AFB-9082-AC9973D04D5D}.Debug|Any CPU.Build.0 = Debug|Any CPU
		{3AE2C53C-CEF5-4AFB-9082-AC9973D04D5D}.Release|Any CPU.ActiveCfg = Release|Any CPU
		{3AE2C53C-CEF5-4AFB-9082-AC9973D04D5D}.Release|Any CPU.Build.0 = Release|Any CPU
	EndGlobalSection
	GlobalSection(SolutionProperties) = preSolution
		HideSolutionNode = FALSE
	EndGlobalSection
	GlobalSection(ExtensibilityGlobals) = postSolution
		SolutionGuid = {8D73230B-E1FF-4F38-AFA8-D028889A0742}
	EndGlobalSection
EndGlobal
